
Microsoft Visual Studio Solution File, Format Version 12.00
# Visual Studio Version 17
VisualStudioVersion = 17.0.31903.59
MinimumVisualStudioVersion = 10.0.40219.1
Project("{9A19103F-16F7-4668-BE54-9A1E7A4F7556}") = "NUMAPressure", "NUMAPressure.csproj", "{2EAAAE07-11D4-427E-891E-1209F82E2D8B}"
EndProject
Global
	GlobalSection(SolutionConfigurationPlatforms) = preSolution
		Debug|Any CPU = Debug|Any CPU
		Release|Any CPU = Release|Any CPU
	EndGlobalSection
	GlobalSection(ProjectConfigurationPlatforms) = postSolution
		{2EAAAE07-11D4-427E-891E-1209F82E2D8B}.Debug|Any CPU.ActiveCfg = Debug|Any CPU
		{2EAAAE07-11D4-427E-891E-1209F82E2D8B}.Debug|Any CPU.Build.0 = Debug|Any CPU
		{2EAAAE07-11D4-427E-891E-1209F82E2D8B}.Release|Any CPU.ActiveCfg = Release|Any CPU
		{2EAAAE07-11D4-427E-891E-1209F82E2D8B}.Release|Any CPU.Build.0 = Release|Any CPU
	EndGlobalSection
	GlobalSection(SolutionProperties) = preSolution
		HideSolutionNode = FALSE
	EndGlobalSection
	GlobalSection(ExtensibilityGlobals) = postSolution
		SolutionGuid = {661F7736-ACBE-4F66-9886-43C22B81F295}
	EndGlobalSection
EndGlobal
